
Microsoft Visual Studio Solution File, Format Version 12.00
# Visual Studio Version 17
VisualStudioVersion = 17.7.34031.279
MinimumVisualStudioVersion = 10.0.40219.1
Project("{8BC9CEB8-8B4A-11D0-8D11-00A0C91BC942}") = "Sketch1", "Sketch1\Sketch1.vcxproj", "{C2AA17BF-6D9F-478F-9843-EC2898FC42EA}"
EndProject
Global
	GlobalSection(SolutionConfigurationPlatforms) = preSolution
		Debug|ARM = Debug|ARM
		Debug|ARM64 = Debug|ARM64
		Debug|x64 = Debug|x64
		Debug|x86 = Debug|x86
		Release|ARM = Release|ARM
		Release|ARM64 = Release|ARM64
		Release|x64 = Release|x64
		Release|x86 = Release|x86
	EndGlobalSection
	GlobalSection(ProjectConfigurationPlatforms) = postSolution
		{C2AA17BF-6D9F-478F-9843-EC2898FC42EA}.Debug|ARM.ActiveCfg = Debug|ARM
		{C2AA17BF-6D9F-478F-9843-EC2898FC42EA}.Debug|ARM.Build.0 = Debug|ARM
		{C2AA17BF-6D9F-478F-9843-EC2898FC42EA}.Debug|ARM.Deploy.0 = Debug|ARM
		{C2AA17BF-6D9F-478F-9843-EC2898FC42EA}.Debug|ARM64.ActiveCfg = Debug|ARM64
		{C2AA17BF-6D9F-478F-9843-EC2898FC42EA}.Debug|ARM64.Build.0 = Debug|ARM64
		{C2AA17BF-6D9F-478F-9843-EC2898FC42EA}.Debug|ARM64.Deploy.0 = Debug|ARM64
		{C2AA17BF-6D9F-478F-9843-EC2898FC42EA}.Debug|x64.ActiveCfg = Debug|x64
		{C2AA17BF-6D9F-478F-9843-EC2898FC42EA}.Debug|x64.Build.0 = Debug|x64
		{C2AA17BF-6D9F-478F-9843-EC2898FC42EA}.Debug|x64.Deploy.0 = Debug|x64
		{C2AA17BF-6D9F-478F-9843-EC2898FC42EA}.Debug|x86.ActiveCfg = Debug|x86
		{C2AA17BF-6D9F-478F-9843-EC2898FC42EA}.Debug|x86.Build.0 = Debug|x86
		{C2AA17BF-6D9F-478F-9843-EC2898FC42EA}.Debug|x86.Deploy.0 = Debug|x86
		{C2AA17BF-6D9F-478F-9843-EC2898FC42EA}.Release|ARM.ActiveCfg = Release|ARM
		{C2AA17BF-6D9F-478F-9843-EC2898FC42EA}.Release|ARM.Build.0 = Release|ARM
		{C2AA17BF-6D9F-478F-9843-EC2898FC42EA}.Release|ARM.Deploy.0 = Release|ARM
		{C2AA17BF-6D9F-478F-9843-EC2898FC42EA}.Release|ARM64.ActiveCfg = Release|ARM64
		{C2AA17BF-6D9F-478F-9843-EC2898FC42EA}.Release|ARM64.Build.0 = Release|ARM64
		{C2AA17BF-6D9F-478F-9843-EC2898FC42EA}.Release|ARM64.Deploy.0 = Release|ARM64
		{C2AA17BF-6D9F-478F-9843-EC2898FC42EA}.Release|x64.ActiveCfg = Release|x64
		{C2AA17BF-6D9F-478F-9843-EC2898FC42EA}.Release|x64.Build.0 = Release|x64
		{C2AA17BF-6D9F-478F-9843-EC2898FC42EA}.Release|x64.Deploy.0 = Release|x64
		{C2AA17BF-6D9F-478F-9843-EC2898FC42EA}.Release|x86.ActiveCfg = Release|x86
		{C2AA17BF-6D9F-478F-9843-EC2898FC42EA}.Release|x86.Build.0 = Release|x86
		{C2AA17BF-6D9F-478F-9843-EC2898FC42EA}.Release|x86.Deploy.0 = Release|x86
	EndGlobalSection
	GlobalSection(SolutionProperties) = preSolution
		HideSolutionNode = FALSE
	EndGlobalSection
	GlobalSection(ExtensibilityGlobals) = postSolution
		SolutionGuid = {FF800DDE-9B71-4E46-8A44-FB9D4E5D87AC}
	EndGlobalSection
EndGlobal
