
Microsoft Visual Studio Solution File, Format Version 12.00
# Visual Studio Version 17
VisualStudioVersion = 17.7.34202.233
MinimumVisualStudioVersion = 10.0.40219.1
Project("{FAE04EC0-301F-11D3-BF4B-00C04F79EFBC}") = "EventHandlerPractice", "EventHandlerPractice\EventHandlerPractice.csproj", "{12638928-BD24-4581-B8C9-4BD059C2AEEE}"
EndProject
Global
	GlobalSection(SolutionConfigurationPlatforms) = preSolution
		Debug|Any CPU = Debug|Any CPU
		Release|Any CPU = Release|Any CPU
	EndGlobalSection
	GlobalSection(ProjectConfigurationPlatforms) = postSolution
		{12638928-BD24-4581-B8C9-4BD059C2AEEE}.Debug|Any CPU.ActiveCfg = Debug|Any CPU
		{12638928-BD24-4581-B8C9-4BD059C2AEEE}.Debug|Any CPU.Build.0 = Debug|Any CPU
		{12638928-BD24-4581-B8C9-4BD059C2AEEE}.Release|Any CPU.ActiveCfg = Release|Any CPU
		{12638928-BD24-4581-B8C9-4BD059C2AEEE}.Release|Any CPU.Build.0 = Release|Any CPU
	EndGlobalSection
	GlobalSection(SolutionProperties) = preSolution
		HideSolutionNode = FALSE
	EndGlobalSection
	GlobalSection(ExtensibilityGlobals) = postSolution
		SolutionGuid = {FCB081C9-0532-403B-8227-D3AF8ECC7EDE}
	EndGlobalSection
EndGlobal
