
Microsoft Visual Studio Solution File, Format Version 12.00
# Visual Studio Version 17
VisualStudioVersion = 17.7.34031.279
MinimumVisualStudioVersion = 10.0.40219.1
Project("{FAE04EC0-301F-11D3-BF4B-00C04F79EFBC}") = "WriteLineBugTest", "WriteLineBugTest\WriteLineBugTest.csproj", "{886F75DA-1513-43FB-979A-394765B26B71}"
EndProject
Global
	GlobalSection(SolutionConfigurationPlatforms) = preSolution
		Debug|Any CPU = Debug|Any CPU
		Release|Any CPU = Release|Any CPU
	EndGlobalSection
	GlobalSection(ProjectConfigurationPlatforms) = postSolution
		{886F75DA-1513-43FB-979A-394765B26B71}.Debug|Any CPU.ActiveCfg = Debug|Any CPU
		{886F75DA-1513-43FB-979A-394765B26B71}.Debug|Any CPU.Build.0 = Debug|Any CPU
		{886F75DA-1513-43FB-979A-394765B26B71}.Release|Any CPU.ActiveCfg = Release|Any CPU
		{886F75DA-1513-43FB-979A-394765B26B71}.Release|Any CPU.Build.0 = Release|Any CPU
	EndGlobalSection
	GlobalSection(SolutionProperties) = preSolution
		HideSolutionNode = FALSE
	EndGlobalSection
	GlobalSection(ExtensibilityGlobals) = postSolution
		SolutionGuid = {24EF6E30-B7CC-449E-9C08-9600811B00A5}
	EndGlobalSection
EndGlobal
