
Microsoft Visual Studio Solution File, Format Version 12.00
# Visual Studio Version 17
VisualStudioVersion = 17.7.34202.233
MinimumVisualStudioVersion = 10.0.40219.1
Project("{FAE04EC0-301F-11D3-BF4B-00C04F79EFBC}") = "MultiPortTCPclient", "MultiPortTCPclient\MultiPortTCPclient.csproj", "{8E6CD8ED-4EC9-43FC-8EE0-DFDE559DB0E2}"
EndProject
Global
	GlobalSection(SolutionConfigurationPlatforms) = preSolution
		Debug|Any CPU = Debug|Any CPU
		Release|Any CPU = Release|Any CPU
	EndGlobalSection
	GlobalSection(ProjectConfigurationPlatforms) = postSolution
		{8E6CD8ED-4EC9-43FC-8EE0-DFDE559DB0E2}.Debug|Any CPU.ActiveCfg = Debug|Any CPU
		{8E6CD8ED-4EC9-43FC-8EE0-DFDE559DB0E2}.Debug|Any CPU.Build.0 = Debug|Any CPU
		{8E6CD8ED-4EC9-43FC-8EE0-DFDE559DB0E2}.Release|Any CPU.ActiveCfg = Release|Any CPU
		{8E6CD8ED-4EC9-43FC-8EE0-DFDE559DB0E2}.Release|Any CPU.Build.0 = Release|Any CPU
	EndGlobalSection
	GlobalSection(SolutionProperties) = preSolution
		HideSolutionNode = FALSE
	EndGlobalSection
	GlobalSection(ExtensibilityGlobals) = postSolution
		SolutionGuid = {DB64BDFC-BC91-4778-9C25-B2E336B3E3A2}
	EndGlobalSection
EndGlobal
