
Microsoft Visual Studio Solution File, Format Version 12.00
# Visual Studio Version 17
VisualStudioVersion = 17.7.34202.233
MinimumVisualStudioVersion = 10.0.40219.1
Project("{FAE04EC0-301F-11D3-BF4B-00C04F79EFBC}") = "CPA_TCPA_CountTest", "CPA_TCPA_CountTest\CPA_TCPA_CountTest.csproj", "{8E91F5F1-457A-468B-9201-9707D364D587}"
EndProject
Global
	GlobalSection(SolutionConfigurationPlatforms) = preSolution
		Debug|Any CPU = Debug|Any CPU
		Release|Any CPU = Release|Any CPU
	EndGlobalSection
	GlobalSection(ProjectConfigurationPlatforms) = postSolution
		{8E91F5F1-457A-468B-9201-9707D364D587}.Debug|Any CPU.ActiveCfg = Debug|Any CPU
		{8E91F5F1-457A-468B-9201-9707D364D587}.Debug|Any CPU.Build.0 = Debug|Any CPU
		{8E91F5F1-457A-468B-9201-9707D364D587}.Release|Any CPU.ActiveCfg = Release|Any CPU
		{8E91F5F1-457A-468B-9201-9707D364D587}.Release|Any CPU.Build.0 = Release|Any CPU
	EndGlobalSection
	GlobalSection(SolutionProperties) = preSolution
		HideSolutionNode = FALSE
	EndGlobalSection
	GlobalSection(ExtensibilityGlobals) = postSolution
		SolutionGuid = {F7066177-4DBE-407F-ABD4-923D9827F08C}
	EndGlobalSection
EndGlobal
