
Microsoft Visual Studio Solution File, Format Version 12.00
# Visual Studio Version 17
VisualStudioVersion = 17.7.34202.233
MinimumVisualStudioVersion = 10.0.40219.1
Project("{FAE04EC0-301F-11D3-BF4B-00C04F79EFBC}") = "EventHandlerPractice3", "EventHandlerPractice3\EventHandlerPractice3.csproj", "{1FCA2CD8-0BA2-4305-AC9A-A044437F5C62}"
EndProject
Global
	GlobalSection(SolutionConfigurationPlatforms) = preSolution
		Debug|Any CPU = Debug|Any CPU
		Release|Any CPU = Release|Any CPU
	EndGlobalSection
	GlobalSection(ProjectConfigurationPlatforms) = postSolution
		{1FCA2CD8-0BA2-4305-AC9A-A044437F5C62}.Debug|Any CPU.ActiveCfg = Debug|Any CPU
		{1FCA2CD8-0BA2-4305-AC9A-A044437F5C62}.Debug|Any CPU.Build.0 = Debug|Any CPU
		{1FCA2CD8-0BA2-4305-AC9A-A044437F5C62}.Release|Any CPU.ActiveCfg = Release|Any CPU
		{1FCA2CD8-0BA2-4305-AC9A-A044437F5C62}.Release|Any CPU.Build.0 = Release|Any CPU
	EndGlobalSection
	GlobalSection(SolutionProperties) = preSolution
		HideSolutionNode = FALSE
	EndGlobalSection
	GlobalSection(ExtensibilityGlobals) = postSolution
		SolutionGuid = {FECC510D-B232-4913-8F42-6642C5C8393B}
	EndGlobalSection
EndGlobal
