
Microsoft Visual Studio Solution File, Format Version 12.00
# Visual Studio Version 17
VisualStudioVersion = 17.7.34031.279
MinimumVisualStudioVersion = 10.0.40219.1
Project("{9A19103F-16F7-4668-BE54-9A1E7A4F7556}") = "CsharpPractice2", "CsharpPractice2\CsharpPractice2.csproj", "{D510FE15-90B7-4064-A034-8488FBCC774F}"
EndProject
Project("{FAE04EC0-301F-11D3-BF4B-00C04F79EFBC}") = "CalculatorLibrary", "CalculatorLibrary\CalculatorLibrary.csproj", "{C78CF5D1-24A7-4E12-864B-4EEF9A81FBAE}"
EndProject
Global
	GlobalSection(SolutionConfigurationPlatforms) = preSolution
		Debug|Any CPU = Debug|Any CPU
		Release|Any CPU = Release|Any CPU
	EndGlobalSection
	GlobalSection(ProjectConfigurationPlatforms) = postSolution
		{D510FE15-90B7-4064-A034-8488FBCC774F}.Debug|Any CPU.ActiveCfg = Debug|Any CPU
		{D510FE15-90B7-4064-A034-8488FBCC774F}.Debug|Any CPU.Build.0 = Debug|Any CPU
		{D510FE15-90B7-4064-A034-8488FBCC774F}.Release|Any CPU.ActiveCfg = Release|Any CPU
		{D510FE15-90B7-4064-A034-8488FBCC774F}.Release|Any CPU.Build.0 = Release|Any CPU
		{C78CF5D1-24A7-4E12-864B-4EEF9A81FBAE}.Debug|Any CPU.ActiveCfg = Debug|Any CPU
		{C78CF5D1-24A7-4E12-864B-4EEF9A81FBAE}.Debug|Any CPU.Build.0 = Debug|Any CPU
		{C78CF5D1-24A7-4E12-864B-4EEF9A81FBAE}.Release|Any CPU.ActiveCfg = Release|Any CPU
		{C78CF5D1-24A7-4E12-864B-4EEF9A81FBAE}.Release|Any CPU.Build.0 = Release|Any CPU
	EndGlobalSection
	GlobalSection(SolutionProperties) = preSolution
		HideSolutionNode = FALSE
	EndGlobalSection
	GlobalSection(ExtensibilityGlobals) = postSolution
		SolutionGuid = {6A46A577-921B-4597-988C-7E71F4B710EF}
	EndGlobalSection
EndGlobal
