
Microsoft Visual Studio Solution File, Format Version 12.00
# Visual Studio Version 17
VisualStudioVersion = 17.7.34031.279
MinimumVisualStudioVersion = 10.0.40219.1
Project("{FAE04EC0-301F-11D3-BF4B-00C04F79EFBC}") = "Nema0183Practice", "Nema0183Practice\Nema0183Practice.csproj", "{31A91856-F69A-4BEC-AB13-6BE889767FC3}"
EndProject
Global
	GlobalSection(SolutionConfigurationPlatforms) = preSolution
		Debug|Any CPU = Debug|Any CPU
		Release|Any CPU = Release|Any CPU
	EndGlobalSection
	GlobalSection(ProjectConfigurationPlatforms) = postSolution
		{31A91856-F69A-4BEC-AB13-6BE889767FC3}.Debug|Any CPU.ActiveCfg = Debug|Any CPU
		{31A91856-F69A-4BEC-AB13-6BE889767FC3}.Debug|Any CPU.Build.0 = Debug|Any CPU
		{31A91856-F69A-4BEC-AB13-6BE889767FC3}.Release|Any CPU.ActiveCfg = Release|Any CPU
		{31A91856-F69A-4BEC-AB13-6BE889767FC3}.Release|Any CPU.Build.0 = Release|Any CPU
	EndGlobalSection
	GlobalSection(SolutionProperties) = preSolution
		HideSolutionNode = FALSE
	EndGlobalSection
	GlobalSection(ExtensibilityGlobals) = postSolution
		SolutionGuid = {73611344-A1AD-4AD5-A372-C0860375EE23}
	EndGlobalSection
EndGlobal
