
Microsoft Visual Studio Solution File, Format Version 12.00
# Visual Studio Version 17
VisualStudioVersion = 17.7.34202.233
MinimumVisualStudioVersion = 10.0.40219.1
Project("{FAE04EC0-301F-11D3-BF4B-00C04F79EFBC}") = "OBSGL_Decode", "OBSGL_Decode\OBSGL_Decode.csproj", "{9BBB53C0-B7AB-4083-BE44-3EA4CD831CA9}"
EndProject
Global
	GlobalSection(SolutionConfigurationPlatforms) = preSolution
		Debug|Any CPU = Debug|Any CPU
		Release|Any CPU = Release|Any CPU
	EndGlobalSection
	GlobalSection(ProjectConfigurationPlatforms) = postSolution
		{9BBB53C0-B7AB-4083-BE44-3EA4CD831CA9}.Debug|Any CPU.ActiveCfg = Debug|Any CPU
		{9BBB53C0-B7AB-4083-BE44-3EA4CD831CA9}.Debug|Any CPU.Build.0 = Debug|Any CPU
		{9BBB53C0-B7AB-4083-BE44-3EA4CD831CA9}.Release|Any CPU.ActiveCfg = Release|Any CPU
		{9BBB53C0-B7AB-4083-BE44-3EA4CD831CA9}.Release|Any CPU.Build.0 = Release|Any CPU
	EndGlobalSection
	GlobalSection(SolutionProperties) = preSolution
		HideSolutionNode = FALSE
	EndGlobalSection
	GlobalSection(ExtensibilityGlobals) = postSolution
		SolutionGuid = {6A5A542E-601B-4690-9D37-959FFFB9F135}
	EndGlobalSection
EndGlobal
