
Microsoft Visual Studio Solution File, Format Version 12.00
# Visual Studio Version 17
VisualStudioVersion = 17.7.34031.279
MinimumVisualStudioVersion = 10.0.40219.1
Project("{FAE04EC0-301F-11D3-BF4B-00C04F79EFBC}") = "DecodeToExcel", "DecodeToExcel\DecodeToExcel.csproj", "{D6406C15-27B0-4DC6-AD6E-712C3EB79431}"
EndProject
Global
	GlobalSection(SolutionConfigurationPlatforms) = preSolution
		Debug|Any CPU = Debug|Any CPU
		Release|Any CPU = Release|Any CPU
	EndGlobalSection
	GlobalSection(ProjectConfigurationPlatforms) = postSolution
		{D6406C15-27B0-4DC6-AD6E-712C3EB79431}.Debug|Any CPU.ActiveCfg = Debug|Any CPU
		{D6406C15-27B0-4DC6-AD6E-712C3EB79431}.Debug|Any CPU.Build.0 = Debug|Any CPU
		{D6406C15-27B0-4DC6-AD6E-712C3EB79431}.Release|Any CPU.ActiveCfg = Release|Any CPU
		{D6406C15-27B0-4DC6-AD6E-712C3EB79431}.Release|Any CPU.Build.0 = Release|Any CPU
	EndGlobalSection
	GlobalSection(SolutionProperties) = preSolution
		HideSolutionNode = FALSE
	EndGlobalSection
	GlobalSection(ExtensibilityGlobals) = postSolution
		SolutionGuid = {5E8B2C15-1ED8-4C02-B8D1-95388CF66132}
	EndGlobalSection
EndGlobal
